
Microsoft Visual Studio Solution File, Format Version 11.00
# Visual Studio 2010
Project("{FAE04EC0-301F-11D3-BF4B-00C04F79EFBC}") = "Twodoku", "Twodoku.csproj", "{09CD3FA7-C9B0-D84B-E7DB-9A883851672C}"
EndProject
Project("{FAE04EC0-301F-11D3-BF4B-00C04F79EFBC}") = "Twodoku-Editor", "Twodoku-Editor.csproj", "{F94756AF-0CB2-5976-966D-888DB727CF7A}"
EndProject
Global
	GlobalSection(SolutionConfigurationPlatforms) = preSolution
		Debug|Any CPU = Debug|Any CPU
		Release|Any CPU = Release|Any CPU
	EndGlobalSection
	GlobalSection(ProjectConfigurationPlatforms) = postSolution
		{09CD3FA7-C9B0-D84B-E7DB-9A883851672C}.Debug|Any CPU.ActiveCfg = Debug|Any CPU
		{09CD3FA7-C9B0-D84B-E7DB-9A883851672C}.Debug|Any CPU.Build.0 = Debug|Any CPU
		{09CD3FA7-C9B0-D84B-E7DB-9A883851672C}.Release|Any CPU.ActiveCfg = Release|Any CPU
		{09CD3FA7-C9B0-D84B-E7DB-9A883851672C}.Release|Any CPU.Build.0 = Release|Any CPU
		{F94756AF-0CB2-5976-966D-888DB727CF7A}.Debug|Any CPU.ActiveCfg = Debug|Any CPU
		{F94756AF-0CB2-5976-966D-888DB727CF7A}.Debug|Any CPU.Build.0 = Debug|Any CPU
		{F94756AF-0CB2-5976-966D-888DB727CF7A}.Release|Any CPU.ActiveCfg = Release|Any CPU
		{F94756AF-0CB2-5976-966D-888DB727CF7A}.Release|Any CPU.Build.0 = Release|Any CPU
	EndGlobalSection
	GlobalSection(SolutionProperties) = preSolution
		HideSolutionNode = FALSE
	EndGlobalSection
	GlobalSection(MonoDevelopProperties) = preSolution
		StartupItem = Twodoku.csproj
	EndGlobalSection
EndGlobal
